Microsoft Visual Studio Solution File, Format Version 12.00
# Visual Studio Version 18
VisualStudioVersion = 18.0.11205.157
MinimumVisualStudioVersion = 10.0.40219.1
Project("{FAE04EC0-301F-11D3-BF4B-00C04F79EFBC}") = "TripleDerby.AppHost", "TripleDerby.AppHost\TripleDerby.AppHost.csproj", "{157E89DF-4B70-496A-A336-E5B926B4913E}"
EndProject
Project("{FAE04EC0-301F-11D3-BF4B-00C04F79EFBC}") = "TripleDerby.ServiceDefaults", "TripleDerby.ServiceDefaults\TripleDerby.ServiceDefaults.csproj", "{F34AD2D9-0891-B52E-F40A-8BE8C1B2B58C}"
EndProject
Project("{FAE04EC0-301F-11D3-BF4B-00C04F79EFBC}") = "TripleDerby.Api", "TripleDerby.Api\TripleDerby.Api.csproj", "{3A56D0B2-6C3A-3FA5-B879-64DF2CB921B1}"
EndProject
Project("{FAE04EC0-301F-11D3-BF4B-00C04F79EFBC}") = "TripleDerby.Web", "TripleDerby.Web\TripleDerby.Web.csproj", "{CD5A0851-2D57-96CF-58BA-AF1340CAE967}"
EndProject
Project("{FAE04EC0-301F-11D3-BF4B-00C04F79EFBC}") = "TripleDerby.Core", "TripleDerby.Core\TripleDerby.Core.csproj", "{CF33C321-3940-4DF9-9291-6A18C4431419}"
EndProject
Project("{FAE04EC0-301F-11D3-BF4B-00C04F79EFBC}") = "TripleDerby.Infrastructure", "TripleDerby.Infrastructure\TripleDerby.Infrastructure.csproj", "{9BB20A08-34E6-4D2E-8E3C-817D55C74C4C}"
EndProject
Project("{FAE04EC0-301F-11D3-BF4B-00C04F79EFBC}") = "TripleDerby.SharedKernel", "TripleDerby.SharedKernel\TripleDerby.SharedKernel.csproj", "{1541F0C5-FA71-4A89-B4E8-904F47F96E12}"
EndProject
Project("{2150E333-8FDC-42A3-9474-1A3956D46DE8}") = "tests", "tests", "{02EA681E-C7D8-13C7-8484-4AC65E1B71E8}"
EndProject
Project("{2150E333-8FDC-42A3-9474-1A3956D46DE8}") = "Solution Items", "Solution Items", "{8EC462FD-D22E-90A8-E5CE-7E832BA40C5D}"
	ProjectSection(SolutionItems) = preProject
		.editorconfig = .editorconfig
		README.md = README.md
	EndProjectSection
EndProject
Project("{FAE04EC0-301F-11D3-BF4B-00C04F79EFBC}") = "TripleDerby.Tests.Unit", "TripleDerby.Tests.Unit\TripleDerby.Tests.Unit.csproj", "{4CC6DB4A-C1A2-49FE-8394-9D14A96CE743}"
EndProject
Project("{FAE04EC0-301F-11D3-BF4B-00C04F79EFBC}") = "TripleDerby.Services.Breeding", "TripleDerby.Services.Breeding\TripleDerby.Services.Breeding.csproj", "{742B308F-4620-88FF-D3AE-28174949A8B1}"
EndProject
Project("{2150E333-8FDC-42A3-9474-1A3956D46DE8}") = "tools", "tools", "{E238A671-61FF-45DC-A560-862B1FF7F802}"
EndProject
Project("{FAE04EC0-301F-11D3-BF4B-00C04F79EFBC}") = "BreedingSeeder", "tools\BreedingSeeder\BreedingSeeder.csproj", "{46AA271E-AAB4-EA2A-C302-C1287BCAE1E1}"
EndProject
Global
	GlobalSection(SolutionConfigurationPlatforms) = preSolution
		Debug|Any CPU = Debug|Any CPU
		Release|Any CPU = Release|Any CPU
	EndGlobalSection
	GlobalSection(ProjectConfigurationPlatforms) = postSolution
		{157E89DF-4B70-496A-A336-E5B926B4913E}.Debug|Any CPU.ActiveCfg = Debug|Any CPU
		{157E89DF-4B70-496A-A336-E5B926B4913E}.Debug|Any CPU.Build.0 = Debug|Any CPU
		{157E89DF-4B70-496A-A336-E5B926B4913E}.Release|Any CPU.ActiveCfg = Release|Any CPU
		{157E89DF-4B70-496A-A336-E5B926B4913E}.Release|Any CPU.Build.0 = Release|Any CPU
		{F34AD2D9-0891-B52E-F40A-8BE8C1B2B58C}.Debug|Any CPU.ActiveCfg = Debug|Any CPU
		{F34AD2D9-0891-B52E-F40A-8BE8C1B2B58C}.Debug|Any CPU.Build.0 = Debug|Any CPU
		{F34AD2D9-0891-B52E-F40A-8BE8C1B2B58C}.Release|Any CPU.ActiveCfg = Release|Any CPU
		{F34AD2D9-0891-B52E-F40A-8BE8C1B2B58C}.Release|Any CPU.Build.0 = Release|Any CPU
		{3A56D0B2-6C3A-3FA5-B879-64DF2CB921B1}.Debug|Any CPU.ActiveCfg = Debug|Any CPU
		{3A56D0B2-6C3A-3FA5-B879-64DF2CB921B1}.Debug|Any CPU.Build.0 = Debug|Any CPU
		{3A56D0B2-6C3A-3FA5-B879-64DF2CB921B1}.Release|Any CPU.ActiveCfg = Release|Any CPU
		{3A56D0B2-6C3A-3FA5-B879-64DF2CB921B1}.Release|Any CPU.Build.0 = Release|Any CPU
		{CD5A0851-2D57-96CF-58BA-AF1340CAE967}.Debug|Any CPU.ActiveCfg = Debug|Any CPU
		{CD5A0851-2D57-96CF-58BA-AF1340CAE967}.Debug|Any CPU.Build.0 = Debug|Any CPU
		{CD5A0851-2D57-96CF-58BA-AF1340CAE967}.Release|Any CPU.ActiveCfg = Release|Any CPU
		{CD5A0851-2D57-96CF-58BA-AF1340CAE967}.Release|Any CPU.Build.0 = Release|Any CPU
		{CF33C321-3940-4DF9-9291-6A18C4431419}.Debug|Any CPU.ActiveCfg = Debug|Any CPU
		{CF33C321-3940-4DF9-9291-6A18C4431419}.Debug|Any CPU.Build.0 = Debug|Any CPU
		{CF33C321-3940-4DF9-9291-6A18C4431419}.Release|Any CPU.ActiveCfg = Release|Any CPU
		{CF33C321-3940-4DF9-9291-6A18C4431419}.Release|Any CPU.Build.0 = Release|Any CPU
		{9BB20A08-34E6-4D2E-8E3C-817D55C74C4C}.Debug|Any CPU.ActiveCfg = Debug|Any CPU
		{9BB20A08-34E6-4D2E-8E3C-817D55C74C4C}.Debug|Any CPU.Build.0 = Debug|Any CPU
		{9BB20A08-34E6-4D2E-8E3C-817D55C74C4C}.Release|Any CPU.ActiveCfg = Release|Any CPU
		{9BB20A08-34E6-4D2E-8E3C-817D55C74C4C}.Release|Any CPU.Build.0 = Release|Any CPU
		{1541F0C5-FA71-4A89-B4E8-904F47F96E12}.Debug|Any CPU.ActiveCfg = Debug|Any CPU
		{1541F0C5-FA71-4A89-B4E8-904F47F96E12}.Debug|Any CPU.Build.0 = Debug|Any CPU
		{1541F0C5-FA71-4A89-B4E8-904F47F96E12}.Release|Any CPU.ActiveCfg = Release|Any CPU
		{1541F0C5-FA71-4A89-B4E8-904F47F96E12}.Release|Any CPU.Build.0 = Release|Any CPU
		{4CC6DB4A-C1A2-49FE-8394-9D14A96CE743}.Debug|Any CPU.ActiveCfg = Debug|Any CPU
		{4CC6DB4A-C1A2-49FE-8394-9D14A96CE743}.Debug|Any CPU.Build.0 = Debug|Any CPU
		{4CC6DB4A-C1A2-49FE-8394-9D14A96CE743}.Release|Any CPU.ActiveCfg = Release|Any CPU
		{4CC6DB4A-C1A2-49FE-8394-9D14A96CE743}.Release|Any CPU.Build.0 = Release|Any CPU
		{742B308F-4620-88FF-D3AE-28174949A8B1}.Debug|Any CPU.ActiveCfg = Debug|Any CPU
		{742B308F-4620-88FF-D3AE-28174949A8B1}.Debug|Any CPU.Build.0 = Debug|Any CPU
		{742B308F-4620-88FF-D3AE-28174949A8B1}.Release|Any CPU.ActiveCfg = Release|Any CPU
		{742B308F-4620-88FF-D3AE-28174949A8B1}.Release|Any CPU.Build.0 = Release|Any CPU
		{46AA271E-AAB4-EA2A-C302-C1287BCAE1E1}.Debug|Any CPU.ActiveCfg = Debug|Any CPU
		{46AA271E-AAB4-EA2A-C302-C1287BCAE1E1}.Debug|Any CPU.Build.0 = Debug|Any CPU
		{46AA271E-AAB4-EA2A-C302-C1287BCAE1E1}.Release|Any CPU.ActiveCfg = Release|Any CPU
		{46AA271E-AAB4-EA2A-C302-C1287BCAE1E1}.Release|Any CPU.Build.0 = Release|Any CPU
	EndGlobalSection
	GlobalSection(SolutionProperties) = preSolution
		HideSolutionNode = FALSE
	EndGlobalSection
	GlobalSection(NestedProjects) = preSolution
		{4CC6DB4A-C1A2-49FE-8394-9D14A96CE743} = {02EA681E-C7D8-13C7-8484-4AC65E1B71E8}
		{46AA271E-AAB4-EA2A-C302-C1287BCAE1E1} = {E238A671-61FF-45DC-A560-862B1FF7F802}
	EndGlobalSection
	GlobalSection(ExtensibilityGlobals) = postSolution
		SolutionGuid = {E752D93A-C4BA-499B-81EA-B93761914CB7}
	EndGlobalSection
EndGlobal
